
Microsoft Visual Studio Solution File, Format Version 12.00
# Visual Studio Version 17
VisualStudioVersion = 17.13.35818.85 d17.13
MinimumVisualStudioVersion = 10.0.40219.1
Project("{FAE04EC0-301F-11D3-BF4B-00C04F79EFBC}") = "Code_First_Relation", "Code_First_Relation.csproj", "{13D9C7C1-D873-42A3-840E-07EC92B36A08}"
EndProject
Global
	GlobalSection(SolutionConfigurationPlatforms) = preSolution
		Debug|Any CPU = Debug|Any CPU
		Release|Any CPU = Release|Any CPU
	EndGlobalSection
	GlobalSection(ProjectConfigurationPlatforms) = postSolution
		{13D9C7C1-D873-42A3-840E-07EC92B36A08}.Debug|Any CPU.ActiveCfg = Debug|Any CPU
		{13D9C7C1-D873-42A3-840E-07EC92B36A08}.Debug|Any CPU.Build.0 = Debug|Any CPU
		{13D9C7C1-D873-42A3-840E-07EC92B36A08}.Release|Any CPU.ActiveCfg = Release|Any CPU
		{13D9C7C1-D873-42A3-840E-07EC92B36A08}.Release|Any CPU.Build.0 = Release|Any CPU
	EndGlobalSection
	GlobalSection(SolutionProperties) = preSolution
		HideSolutionNode = FALSE
	EndGlobalSection
	GlobalSection(ExtensibilityGlobals) = postSolution
		SolutionGuid = {07A679D2-9E0B-44B1-B563-985658452184}
	EndGlobalSection
EndGlobal
